
Microsoft Visual Studio Solution File, Format Version 12.00
# Visual Studio Version 17
VisualStudioVersion = 17.5.33516.290
MinimumVisualStudioVersion = 10.0.40219.1
Project("{FAE04EC0-301F-11D3-BF4B-00C04F79EFBC}") = "csharp-typesystem-snacks", "csharp-typesystem-snacks\csharp-typesystem-snacks.csproj", "{35405287-D1D1-478E-A80B-5586DF21FE89}"
EndProject
Global
	GlobalSection(SolutionConfigurationPlatforms) = preSolution
		Debug|Any CPU = Debug|Any CPU
		Release|Any CPU = Release|Any CPU
	EndGlobalSection
	GlobalSection(ProjectConfigurationPlatforms) = postSolution
		{35405287-D1D1-478E-A80B-5586DF21FE89}.Debug|Any CPU.ActiveCfg = Debug|Any CPU
		{35405287-D1D1-478E-A80B-5586DF21FE89}.Debug|Any CPU.Build.0 = Debug|Any CPU
		{35405287-D1D1-478E-A80B-5586DF21FE89}.Release|Any CPU.ActiveCfg = Release|Any CPU
		{35405287-D1D1-478E-A80B-5586DF21FE89}.Release|Any CPU.Build.0 = Release|Any CPU
	EndGlobalSection
	GlobalSection(SolutionProperties) = preSolution
		HideSolutionNode = FALSE
	EndGlobalSection
	GlobalSection(ExtensibilityGlobals) = postSolution
		SolutionGuid = {1BF4BDD4-6905-439A-8C0D-2D37A5C050BE}
	EndGlobalSection
EndGlobal
